
Microsoft Visual Studio Solution File, Format Version 12.00
# Visual Studio Version 16
VisualStudioVersion = 16.0.31515.178
MinimumVisualStudioVersion = 10.0.40219.1
Project("{FAE04EC0-301F-11D3-BF4B-00C04F79EFBC}") = "JsonCompareUI", "JsonCompareUI\JsonCompareUI.csproj", "{709B64B6-AAED-42D2-B726-9C8DE305FBC2}"
EndProject
Global
	GlobalSection(SolutionConfigurationPlatforms) = preSolution
		Debug|Any CPU = Debug|Any CPU
		Release|Any CPU = Release|Any CPU
	EndGlobalSection
	GlobalSection(ProjectConfigurationPlatforms) = postSolution
		{709B64B6-AAED-42D2-B726-9C8DE305FBC2}.Debug|Any CPU.ActiveCfg = Debug|Any CPU
		{709B64B6-AAED-42D2-B726-9C8DE305FBC2}.Debug|Any CPU.Build.0 = Debug|Any CPU
		{709B64B6-AAED-42D2-B726-9C8DE305FBC2}.Release|Any CPU.ActiveCfg = Release|Any CPU
		{709B64B6-AAED-42D2-B726-9C8DE305FBC2}.Release|Any CPU.Build.0 = Release|Any CPU
	EndGlobalSection
	GlobalSection(SolutionProperties) = preSolution
		HideSolutionNode = FALSE
	EndGlobalSection
	GlobalSection(ExtensibilityGlobals) = postSolution
		SolutionGuid = {194E9B00-E942-46CD-868A-200A424F4F01}
	EndGlobalSection
EndGlobal
